// !$*UTF8*$!
{
	archiveVersion = 1;
	classes = {
	};
	objectVersion = 56;
	objects = {

/* Begin PBXBuildFile section */
		70190B402C068B56003BF2B7 /* DemoApp.swift in Sources */ = {isa = PBXBuildFile; fileRef = 70190B3F2C068B56003BF2B7 /* DemoApp.swift */; };
		70190B422C068B56003BF2B7 /* ContentView.swift in Sources */ = {isa = PBXBuildFile; fileRef = 70190B412C068B56003BF2B7 /* ContentView.swift */; };
		70190B442C068B57003BF2B7 /* Assets.xcassets in Resources */ = {isa = PBXBuildFile; fileRef = 70190B432C068B57003BF2B7 /* Assets.xcassets */; };
		70190B472C068B57003BF2B7 /* Preview Assets.xcassets in Resources */ = {isa = PBXBuildFile; fileRef = 70190B462C068B57003BF2B7 /* Preview Assets.xcassets */; };
		70190B512C068B57003BF2B7 /* DemoAppTests.swift in Sources */ = {isa = PBXBuildFile; fileRef = 70190B502C068B57003BF2B7 /* DemoAppTests.swift */; };
		70190B5B2C068B57003BF2B7 /* DemoAppUITests.swift in Sources */ = {isa = PBXBuildFile; fileRef = 70190B5A2C068B57003BF2B7 /* DemoAppUITests.swift */; };
		70190B5D2C068B57003BF2B7 /* DemoAppUITestsLaunchTests.swift in Sources */ = {isa = PBXBuildFile; fileRef = 70190B5C2C068B57003BF2B7 /* DemoAppUITestsLaunchTests.swift */; };
		70190B6E2C0782F0003BF2B7 /* ProTrainingsKit in Frameworks */ = {isa = PBXBuildFile; productRef = 70190B6D2C0782F0003BF2B7 /* ProTrainingsKit */; };
		70190B712C0784AF003BF2B7 /* ProTrainingsKit in Frameworks */ = {isa = PBXBuildFile; productRef = 70190B702C0784AF003BF2B7 /* ProTrainingsKit */; };
		70FCFE222C07C08F00F0FC60 /* ExistingUserView.swift in Sources */ = {isa = PBXBuildFile; fileRef = 70FCFE212C07C08F00F0FC60 /* ExistingUserView.swift */; };
		70FCFE242C08FF5B00F0FC60 /* ProTrainingsWebView.swift in Sources */ = {isa = PBXBuildFile; fileRef = 70FCFE232C08FF5B00F0FC60 /* ProTrainingsWebView.swift */; };
		70FD814B2C07A171005B334E /* NewUserView.swift in Sources */ = {isa = PBXBuildFile; fileRef = 70FD814A2C07A171005B334E /* NewUserView.swift */; };
/* End PBXBuildFile section */

/* Begin PBXContainerItemProxy section */
		70190B4D2C068B57003BF2B7 /* PBXContainerItemProxy */ = {
			isa = PBXContainerItemProxy;
			containerPortal = 70190B342C068B56003BF2B7 /* Project object */;
			proxyType = 1;
			remoteGlobalIDString = 70190B3B2C068B56003BF2B7;
			remoteInfo = DemoApp;
		};
		70190B572C068B57003BF2B7 /* PBXContainerItemProxy */ = {
			isa = PBXContainerItemProxy;
			containerPortal = 70190B342C068B56003BF2B7 /* Project object */;
			proxyType = 1;
			remoteGlobalIDString = 70190B3B2C068B56003BF2B7;
			remoteInfo = DemoApp;
		};
/* End PBXContainerItemProxy section */

/* Begin PBXFileReference section */
		70190B3C2C068B56003BF2B7 /* DemoApp.app */ = {isa = PBXFileReference; explicitFileType = wrapper.application; includeInIndex = 0; path = DemoApp.app; sourceTree = BUILT_PRODUCTS_DIR; };
		70190B3F2C068B56003BF2B7 /* DemoApp.swift */ = {isa = PBXFileReference; lastKnownFileType = sourcecode.swift; path = DemoApp.swift; sourceTree = "<group>"; };
		70190B412C068B56003BF2B7 /* ContentView.swift */ = {isa = PBXFileReference; lastKnownFileType = sourcecode.swift; path = ContentView.swift; sourceTree = "<group>"; };
		70190B432C068B57003BF2B7 /* Assets.xcassets */ = {isa = PBXFileReference; lastKnownFileType = folder.assetcatalog; path = Assets.xcassets; sourceTree = "<group>"; };
		70190B462C068B57003BF2B7 /* Preview Assets.xcassets */ = {isa = PBXFileReference; lastKnownFileType = folder.assetcatalog; path = "Preview Assets.xcassets"; sourceTree = "<group>"; };
		70190B4C2C068B57003BF2B7 /* DemoAppTests.xctest */ = {isa = PBXFileReference; explicitFileType = wrapper.cfbundle; includeInIndex = 0; path = DemoAppTests.xctest; sourceTree = BUILT_PRODUCTS_DIR; };
		70190B502C068B57003BF2B7 /* DemoAppTests.swift */ = {isa = PBXFileReference; lastKnownFileType = sourcecode.swift; path = DemoAppTests.swift; sourceTree = "<group>"; };
		70190B562C068B57003BF2B7 /* DemoAppUITests.xctest */ = {isa = PBXFileReference; explicitFileType = wrapper.cfbundle; includeInIndex = 0; path = DemoAppUITests.xctest; sourceTree = BUILT_PRODUCTS_DIR; };
		70190B5A2C068B57003BF2B7 /* DemoAppUITests.swift */ = {isa = PBXFileReference; lastKnownFileType = sourcecode.swift; path = DemoAppUITests.swift; sourceTree = "<group>"; };
		70190B5C2C068B57003BF2B7 /* DemoAppUITestsLaunchTests.swift */ = {isa = PBXFileReference; lastKnownFileType = sourcecode.swift; path = DemoAppUITestsLaunchTests.swift; sourceTree = "<group>"; };
		70FCFE202C07B08500F0FC60 /* Info.plist */ = {isa = PBXFileReference; lastKnownFileType = text.plist; path = Info.plist; sourceTree = "<group>"; };
		70FCFE212C07C08F00F0FC60 /* ExistingUserView.swift */ = {isa = PBXFileReference; lastKnownFileType = sourcecode.swift; path = ExistingUserView.swift; sourceTree = "<group>"; };
		70FCFE232C08FF5B00F0FC60 /* ProTrainingsWebView.swift */ = {isa = PBXFileReference; lastKnownFileType = sourcecode.swift; path = ProTrainingsWebView.swift; sourceTree = "<group>"; };
		70FD814A2C07A171005B334E /* NewUserView.swift */ = {isa = PBXFileReference; lastKnownFileType = sourcecode.swift; path = NewUserView.swift; sourceTree = "<group>"; };
/* End PBXFileReference section */

/* Begin PBXFrameworksBuildPhase section */
		70190B392C068B56003BF2B7 /* Frameworks */ = {
			isa = PBXFrameworksBuildPhase;
			buildActionMask = 2147483647;
			files = (
				70190B6E2C0782F0003BF2B7 /* ProTrainingsKit in Frameworks */,
				70190B712C0784AF003BF2B7 /* ProTrainingsKit in Frameworks */,
			);
			runOnlyForDeploymentPostprocessing = 0;
		};
		70190B492C068B57003BF2B7 /* Frameworks */ = {
			isa = PBXFrameworksBuildPhase;
			buildActionMask = 2147483647;
			files = (
			);
			runOnlyForDeploymentPostprocessing = 0;
		};
		70190B532C068B57003BF2B7 /* Frameworks */ = {
			isa = PBXFrameworksBuildPhase;
			buildActionMask = 2147483647;
			files = (
			);
			runOnlyForDeploymentPostprocessing = 0;
		};
/* End PBXFrameworksBuildPhase section */

/* Begin PBXGroup section */
		70190B332C068B56003BF2B7 = {
			isa = PBXGroup;
			children = (
				70190B3E2C068B56003BF2B7 /* DemoApp */,
				70190B4F2C068B57003BF2B7 /* DemoAppTests */,
				70190B592C068B57003BF2B7 /* DemoAppUITests */,
				70190B3D2C068B56003BF2B7 /* Products */,
			);
			sourceTree = "<group>";
		};
		70190B3D2C068B56003BF2B7 /* Products */ = {
			isa = PBXGroup;
			children = (
				70190B3C2C068B56003BF2B7 /* DemoApp.app */,
				70190B4C2C068B57003BF2B7 /* DemoAppTests.xctest */,
				70190B562C068B57003BF2B7 /* DemoAppUITests.xctest */,
			);
			name = Products;
			sourceTree = "<group>";
		};
		70190B3E2C068B56003BF2B7 /* DemoApp */ = {
			isa = PBXGroup;
			children = (
				70FCFE202C07B08500F0FC60 /* Info.plist */,
				70190B3F2C068B56003BF2B7 /* DemoApp.swift */,
				70190B412C068B56003BF2B7 /* ContentView.swift */,
				70190B432C068B57003BF2B7 /* Assets.xcassets */,
				70190B452C068B57003BF2B7 /* Preview Content */,
				70FD814A2C07A171005B334E /* NewUserView.swift */,
				70FCFE212C07C08F00F0FC60 /* ExistingUserView.swift */,
				70FCFE232C08FF5B00F0FC60 /* ProTrainingsWebView.swift */,
			);
			path = DemoApp;
			sourceTree = "<group>";
		};
		70190B452C068B57003BF2B7 /* Preview Content */ = {
			isa = PBXGroup;
			children = (
				70190B462C068B57003BF2B7 /* Preview Assets.xcassets */,
			);
			path = "Preview Content";
			sourceTree = "<group>";
		};
		70190B4F2C068B57003BF2B7 /* DemoAppTests */ = {
			isa = PBXGroup;
			children = (
				70190B502C068B57003BF2B7 /* DemoAppTests.swift */,
			);
			path = DemoAppTests;
			sourceTree = "<group>";
		};
		70190B592C068B57003BF2B7 /* DemoAppUITests */ = {
			isa = PBXGroup;
			children = (
				70190B5A2C068B57003BF2B7 /* DemoAppUITests.swift */,
				70190B5C2C068B57003BF2B7 /* DemoAppUITestsLaunchTests.swift */,
			);
			path = DemoAppUITests;
			sourceTree = "<group>";
		};
/* End PBXGroup section */

/* Begin PBXNativeTarget section */
		70190B3B2C068B56003BF2B7 /* DemoApp */ = {
			isa = PBXNativeTarget;
			buildConfigurationList = 70190B602C068B57003BF2B7 /* Build configuration list for PBXNativeTarget "DemoApp" */;
			buildPhases = (
				70190B382C068B56003BF2B7 /* Sources */,
				70190B392C068B56003BF2B7 /* Frameworks */,
				70190B3A2C068B56003BF2B7 /* Resources */,
			);
			buildRules = (
			);
			dependencies = (
			);
			name = DemoApp;
			packageProductDependencies = (
				70190B6D2C0782F0003BF2B7 /* ProTrainingsKit */,
				70190B702C0784AF003BF2B7 /* ProTrainingsKit */,
			);
			productName = DemoApp;
			productReference = 70190B3C2C068B56003BF2B7 /* DemoApp.app */;
			productType = "com.apple.product-type.application";
		};
		70190B4B2C068B57003BF2B7 /* DemoAppTests */ = {
			isa = PBXNativeTarget;
			buildConfigurationList = 70190B632C068B57003BF2B7 /* Build configuration list for PBXNativeTarget "DemoAppTests" */;
			buildPhases = (
				70190B482C068B57003BF2B7 /* Sources */,
				70190B492C068B57003BF2B7 /* Frameworks */,
				70190B4A2C068B57003BF2B7 /* Resources */,
			);
			buildRules = (
			);
			dependencies = (
				70190B4E2C068B57003BF2B7 /* PBXTargetDependency */,
			);
			name = DemoAppTests;
			productName = DemoAppTests;
			productReference = 70190B4C2C068B57003BF2B7 /* DemoAppTests.xctest */;
			productType = "com.apple.product-type.bundle.unit-test";
		};
		70190B552C068B57003BF2B7 /* DemoAppUITests */ = {
			isa = PBXNativeTarget;
			buildConfigurationList = 70190B662C068B57003BF2B7 /* Build configuration list for PBXNativeTarget "DemoAppUITests" */;
			buildPhases = (
				70190B522C068B57003BF2B7 /* Sources */,
				70190B532C068B57003BF2B7 /* Frameworks */,
				70190B542C068B57003BF2B7 /* Resources */,
			);
			buildRules = (
			);
			dependencies = (
				70190B582C068B57003BF2B7 /* PBXTargetDependency */,
			);
			name = DemoAppUITests;
			productName = DemoAppUITests;
			productReference = 70190B562C068B57003BF2B7 /* DemoAppUITests.xctest */;
			productType = "com.apple.product-type.bundle.ui-testing";
		};
/* End PBXNativeTarget section */

/* Begin PBXProject section */
		70190B342C068B56003BF2B7 /* Project object */ = {
			isa = PBXProject;
			attributes = {
				BuildIndependentTargetsInParallel = 1;
				LastSwiftUpdateCheck = 1530;
				LastUpgradeCheck = 1530;
				TargetAttributes = {
					70190B3B2C068B56003BF2B7 = {
						CreatedOnToolsVersion = 15.3;
					};
					70190B4B2C068B57003BF2B7 = {
						CreatedOnToolsVersion = 15.3;
						TestTargetID = 70190B3B2C068B56003BF2B7;
					};
					70190B552C068B57003BF2B7 = {
						CreatedOnToolsVersion = 15.3;
						TestTargetID = 70190B3B2C068B56003BF2B7;
					};
				};
			};
			buildConfigurationList = 70190B372C068B56003BF2B7 /* Build configuration list for PBXProject "DemoApp" */;
			compatibilityVersion = "Xcode 14.0";
			developmentRegion = en;
			hasScannedForEncodings = 0;
			knownRegions = (
				en,
				Base,
			);
			mainGroup = 70190B332C068B56003BF2B7;
			packageReferences = (
				70190B6F2C0784AF003BF2B7 /* XCRemoteSwiftPackageReference "ProTrainingsKit" */,
			);
			productRefGroup = 70190B3D2C068B56003BF2B7 /* Products */;
			projectDirPath = "";
			projectRoot = "";
			targets = (
				70190B3B2C068B56003BF2B7 /* DemoApp */,
				70190B4B2C068B57003BF2B7 /* DemoAppTests */,
				70190B552C068B57003BF2B7 /* DemoAppUITests */,
			);
		};
/* End PBXProject section */

/* Begin PBXResourcesBuildPhase section */
		70190B3A2C068B56003BF2B7 /* Resources */ = {
			isa = PBXResourcesBuildPhase;
			buildActionMask = 2147483647;
			files = (
				70190B472C068B57003BF2B7 /* Preview Assets.xcassets in Resources */,
				70190B442C068B57003BF2B7 /* Assets.xcassets in Resources */,
			);
			runOnlyForDeploymentPostprocessing = 0;
		};
		70190B4A2C068B57003BF2B7 /* Resources */ = {
			isa = PBXResourcesBuildPhase;
			buildActionMask = 2147483647;
			files = (
			);
			runOnlyForDeploymentPostprocessing = 0;
		};
		70190B542C068B57003BF2B7 /* Resources */ = {
			isa = PBXResourcesBuildPhase;
			buildActionMask = 2147483647;
			files = (
			);
			runOnlyForDeploymentPostprocessing = 0;
		};
/* End PBXResourcesBuildPhase section */

/* Begin PBXSourcesBuildPhase section */
		70190B382C068B56003BF2B7 /* Sources */ = {
			isa = PBXSourcesBuildPhase;
			buildActionMask = 2147483647;
			files = (
				70190B422C068B56003BF2B7 /* ContentView.swift in Sources */,
				70FCFE242C08FF5B00F0FC60 /* ProTrainingsWebView.swift in Sources */,
				70FD814B2C07A171005B334E /* NewUserView.swift in Sources */,
				70FCFE222C07C08F00F0FC60 /* ExistingUserView.swift in Sources */,
				70190B402C068B56003BF2B7 /* DemoApp.swift in Sources */,
			);
			runOnlyForDeploymentPostprocessing = 0;
		};
		70190B482C068B57003BF2B7 /* Sources */ = {
			isa = PBXSourcesBuildPhase;
			buildActionMask = 2147483647;
			files = (
				70190B512C068B57003BF2B7 /* DemoAppTests.swift in Sources */,
			);
			runOnlyForDeploymentPostprocessing = 0;
		};
		70190B522C068B57003BF2B7 /* Sources */ = {
			isa = PBXSourcesBuildPhase;
			buildActionMask = 2147483647;
			files = (
				70190B5B2C068B57003BF2B7 /* DemoAppUITests.swift in Sources */,
				70190B5D2C068B57003BF2B7 /* DemoAppUITestsLaunchTests.swift in Sources */,
			);
			runOnlyForDeploymentPostprocessing = 0;
		};
/* End PBXSourcesBuildPhase section */

/* Begin PBXTargetDependency section */
		70190B4E2C068B57003BF2B7 /* PBXTargetDependency */ = {
			isa = PBXTargetDependency;
			target = 70190B3B2C068B56003BF2B7 /* DemoApp */;
			targetProxy = 70190B4D2C068B57003BF2B7 /* PBXContainerItemProxy */;
		};
		70190B582C068B57003BF2B7 /* PBXTargetDependency */ = {
			isa = PBXTargetDependency;
			target = 70190B3B2C068B56003BF2B7 /* DemoApp */;
			targetProxy = 70190B572C068B57003BF2B7 /* PBXContainerItemProxy */;
		};
/* End PBXTargetDependency section */

/* Begin XCBuildConfiguration section */
		70190B5E2C068B57003BF2B7 /* Debug */ = {
			isa = XCBuildConfiguration;
			buildSettings = {
				ALWAYS_SEARCH_USER_PATHS = NO;
				ASSETCATALOG_COMPILER_GENERATE_SWIFT_ASSET_SYMBOL_EXTENSIONS = YES;
				CLANG_ANALYZER_NONNULL = YES;
				CLANG_ANALYZER_NUMBER_OBJECT_CONVERSION = YES_AGGRESSIVE;
				CLANG_CXX_LANGUAGE_STANDARD = "gnu++20";
				CLANG_ENABLE_MODULES = YES;
				CLANG_ENABLE_OBJC_ARC = YES;
				CLANG_ENABLE_OBJC_WEAK = YES;
				CLANG_WARN_BLOCK_CAPTURE_AUTORELEASING = YES;
				CLANG_WARN_BOOL_CONVERSION = YES;
				CLANG_WARN_COMMA = YES;
				CLANG_WARN_CONSTANT_CONVERSION = YES;
				CLANG_WARN_DEPRECATED_OBJC_IMPLEMENTATIONS = YES;
				CLANG_WARN_DIRECT_OBJC_ISA_USAGE = YES_ERROR;
				CLANG_WARN_DOCUMENTATION_COMMENTS = YES;
				CLANG_WARN_EMPTY_BODY = YES;
				CLANG_WARN_ENUM_CONVERSION = YES;
				CLANG_WARN_INFINITE_RECURSION = YES;
				CLANG_WARN_INT_CONVERSION = YES;
				CLANG_WARN_NON_LITERAL_NULL_CONVERSION = YES;
				CLANG_WARN_OBJC_IMPLICIT_RETAIN_SELF = YES;
				CLANG_WARN_OBJC_LITERAL_CONVERSION = YES;
				CLANG_WARN_OBJC_ROOT_CLASS = YES_ERROR;
				CLANG_WARN_QUOTED_INCLUDE_IN_FRAMEWORK_HEADER = YES;
				CLANG_WARN_RANGE_LOOP_ANALYSIS = YES;
				CLANG_WARN_STRICT_PROTOTYPES = YES;
				CLANG_WARN_SUSPICIOUS_MOVE = YES;
				CLANG_WARN_UNGUARDED_AVAILABILITY = YES_AGGRESSIVE;
				CLANG_WARN_UNREACHABLE_CODE = YES;
				CLANG_WARN__DUPLICATE_METHOD_MATCH = YES;
				COPY_PHASE_STRIP = NO;
				DEBUG_INFORMATION_FORMAT = dwarf;
				ENABLE_STRICT_OBJC_MSGSEND = YES;
				ENABLE_TESTABILITY = YES;
				ENABLE_USER_SCRIPT_SANDBOXING = YES;
				GCC_C_LANGUAGE_STANDARD = gnu17;
				GCC_DYNAMIC_NO_PIC = NO;
				GCC_NO_COMMON_BLOCKS = YES;
				GCC_OPTIMIZATION_LEVEL = 0;
				GCC_PREPROCESSOR_DEFINITIONS = (
					"DEBUG=1",
					"$(inherited)",
				);
				GCC_WARN_64_TO_32_BIT_CONVERSION = YES;
				GCC_WARN_ABOUT_RETURN_TYPE = YES_ERROR;
				GCC_WARN_UNDECLARED_SELECTOR = YES;
				GCC_WARN_UNINITIALIZED_AUTOS = YES_AGGRESSIVE;
				GCC_WARN_UNUSED_FUNCTION = YES;
				GCC_WARN_UNUSED_VARIABLE = YES;
				IPHONEOS_DEPLOYMENT_TARGET = 17.4;
				LOCALIZATION_PREFERS_STRING_CATALOGS = YES;
				MTL_ENABLE_DEBUG_INFO = INCLUDE_SOURCE;
				MTL_FAST_MATH = YES;
				ONLY_ACTIVE_ARCH = YES;
				SDKROOT = iphoneos;
				SWIFT_ACTIVE_COMPILATION_CONDITIONS = "DEBUG $(inherited)";
				SWIFT_OPTIMIZATION_LEVEL = "-Onone";
			};
			name = Debug;
		};
		70190B5F2C068B57003BF2B7 /* Release */ = {
			isa = XCBuildConfiguration;
			buildSettings = {
				ALWAYS_SEARCH_USER_PATHS = NO;
				ASSETCATALOG_COMPILER_GENERATE_SWIFT_ASSET_SYMBOL_EXTENSIONS = YES;
				CLANG_ANALYZER_NONNULL = YES;
				CLANG_ANALYZER_NUMBER_OBJECT_CONVERSION = YES_AGGRESSIVE;
				CLANG_CXX_LANGUAGE_STANDARD = "gnu++20";
				CLANG_ENABLE_MODULES = YES;
				CLANG_ENABLE_OBJC_ARC = YES;
				CLANG_ENABLE_OBJC_WEAK = YES;
				CLANG_WARN_BLOCK_CAPTURE_AUTORELEASING = YES;
				CLANG_WARN_BOOL_CONVERSION = YES;
				CLANG_WARN_COMMA = YES;
				CLANG_WARN_CONSTANT_CONVERSION = YES;
				CLANG_WARN_DEPRECATED_OBJC_IMPLEMENTATIONS = YES;
				CLANG_WARN_DIRECT_OBJC_ISA_USAGE = YES_ERROR;
				CLANG_WARN_DOCUMENTATION_COMMENTS = YES;
				CLANG_WARN_EMPTY_BODY = YES;
				CLANG_WARN_ENUM_CONVERSION = YES;
				CLANG_WARN_INFINITE_RECURSION = YES;
				CLANG_WARN_INT_CONVERSION = YES;
				CLANG_WARN_NON_LITERAL_NULL_CONVERSION = YES;
				CLANG_WARN_OBJC_IMPLICIT_RETAIN_SELF = YES;
				CLANG_WARN_OBJC_LITERAL_CONVERSION = YES;
				CLANG_WARN_OBJC_ROOT_CLASS = YES_ERROR;
				CLANG_WARN_QUOTED_INCLUDE_IN_FRAMEWORK_HEADER = YES;
				CLANG_WARN_RANGE_LOOP_ANALYSIS = YES;
				CLANG_WARN_STRICT_PROTOTYPES = YES;
				CLANG_WARN_SUSPICIOUS_MOVE = YES;
				CLANG_WARN_UNGUARDED_AVAILABILITY = YES_AGGRESSIVE;
				CLANG_WARN_UNREACHABLE_CODE = YES;
				CLANG_WARN__DUPLICATE_METHOD_MATCH = YES;
				COPY_PHASE_STRIP = NO;
				DEBUG_INFORMATION_FORMAT = "dwarf-with-dsym";
				ENABLE_NS_ASSERTIONS = NO;
				ENABLE_STRICT_OBJC_MSGSEND = YES;
				ENABLE_USER_SCRIPT_SANDBOXING = YES;
				GCC_C_LANGUAGE_STANDARD = gnu17;
				GCC_NO_COMMON_BLOCKS = YES;
				GCC_WARN_64_TO_32_BIT_CONVERSION = YES;
				GCC_WARN_ABOUT_RETURN_TYPE = YES_ERROR;
				GCC_WARN_UNDECLARED_SELECTOR = YES;
				GCC_WARN_UNINITIALIZED_AUTOS = YES_AGGRESSIVE;
				GCC_WARN_UNUSED_FUNCTION = YES;
				GCC_WARN_UNUSED_VARIABLE = YES;
				IPHONEOS_DEPLOYMENT_TARGET = 17.4;
				LOCALIZATION_PREFERS_STRING_CATALOGS = YES;
				MTL_ENABLE_DEBUG_INFO = NO;
				MTL_FAST_MATH = YES;
				SDKROOT = iphoneos;
				SWIFT_COMPILATION_MODE = wholemodule;
				VALIDATE_PRODUCT = YES;
			};
			name = Release;
		};
		70190B612C068B57003BF2B7 /* Debug */ = {
			isa = XCBuildConfiguration;
			buildSettings = {
				ASSETCATALOG_COMPILER_APPICON_NAME = AppIcon;
				ASSETCATALOG_COMPILER_GLOBAL_ACCENT_COLOR_NAME = AccentColor;
				CODE_SIGN_STYLE = Automatic;
				CURRENT_PROJECT_VERSION = 1;
				DEVELOPMENT_ASSET_PATHS = "\"DemoApp/Preview Content\"";
				DEVELOPMENT_TEAM = VWB7346LNU;
				ENABLE_PREVIEWS = YES;
				GENERATE_INFOPLIST_FILE = YES;
				INFOPLIST_FILE = DemoApp/Info.plist;
				INFOPLIST_KEY_CFBundleDisplayName = ProTrainings;
				INFOPLIST_KEY_LSApplicationCategoryType = "public.app-category.education";
				INFOPLIST_KEY_UIApplicationSceneManifest_Generation = YES;
				INFOPLIST_KEY_UIApplicationSupportsIndirectInputEvents = YES;
				INFOPLIST_KEY_UILaunchScreen_Generation = YES;
				INFOPLIST_KEY_UISupportedInterfaceOrientations_iPad = "UIInterfaceOrientationPortrait UIInterfaceOrientationPortraitUpsideDown UIInterfaceOrientationLandscapeLeft UIInterfaceOrientationLandscapeRight";
				INFOPLIST_KEY_UISupportedInterfaceOrientations_iPhone = "UIInterfaceOrientationPortrait UIInterfaceOrientationLandscapeLeft UIInterfaceOrientationLandscapeRight";
				LD_RUNPATH_SEARCH_PATHS = (
					"$(inherited)",
					"@executable_path/Frameworks",
				);
				MARKETING_VERSION = 1.0;
				PRODUCT_BUNDLE_IDENTIFIER = com.protrainings.DemoApp;
				PRODUCT_NAME = "$(TARGET_NAME)";
				SUPPORTED_PLATFORMS = "iphoneos iphonesimulator";
				SUPPORTS_MACCATALYST = NO;
				SUPPORTS_XR_DESIGNED_FOR_IPHONE_IPAD = NO;
				SWIFT_EMIT_LOC_STRINGS = YES;
				SWIFT_VERSION = 5.0;
				TARGETED_DEVICE_FAMILY = "1,2";
			};
			name = Debug;
		};
		70190B622C068B57003BF2B7 /* Release */ = {
			isa = XCBuildConfiguration;
			buildSettings = {
				ASSETCATALOG_COMPILER_APPICON_NAME = AppIcon;
				ASSETCATALOG_COMPILER_GLOBAL_ACCENT_COLOR_NAME = AccentColor;
				CODE_SIGN_STYLE = Automatic;
				CURRENT_PROJECT_VERSION = 1;
				DEVELOPMENT_ASSET_PATHS = "\"DemoApp/Preview Content\"";
				DEVELOPMENT_TEAM = VWB7346LNU;
				ENABLE_PREVIEWS = YES;
				GENERATE_INFOPLIST_FILE = YES;
				INFOPLIST_FILE = DemoApp/Info.plist;
				INFOPLIST_KEY_CFBundleDisplayName = ProTrainings;
				INFOPLIST_KEY_LSApplicationCategoryType = "public.app-category.education";
				INFOPLIST_KEY_UIApplicationSceneManifest_Generation = YES;
				INFOPLIST_KEY_UIApplicationSupportsIndirectInputEvents = YES;
				INFOPLIST_KEY_UILaunchScreen_Generation = YES;
				INFOPLIST_KEY_UISupportedInterfaceOrientations_iPad = "UIInterfaceOrientationPortrait UIInterfaceOrientationPortraitUpsideDown UIInterfaceOrientationLandscapeLeft UIInterfaceOrientationLandscapeRight";
				INFOPLIST_KEY_UISupportedInterfaceOrientations_iPhone = "UIInterfaceOrientationPortrait UIInterfaceOrientationLandscapeLeft UIInterfaceOrientationLandscapeRight";
				LD_RUNPATH_SEARCH_PATHS = (
					"$(inherited)",
					"@executable_path/Frameworks",
				);
				MARKETING_VERSION = 1.0;
				PRODUCT_BUNDLE_IDENTIFIER = com.protrainings.DemoApp;
				PRODUCT_NAME = "$(TARGET_NAME)";
				SUPPORTED_PLATFORMS = "iphoneos iphonesimulator";
				SUPPORTS_MACCATALYST = NO;
				SUPPORTS_XR_DESIGNED_FOR_IPHONE_IPAD = NO;
				SWIFT_EMIT_LOC_STRINGS = YES;
				SWIFT_VERSION = 5.0;
				TARGETED_DEVICE_FAMILY = "1,2";
			};
			name = Release;
		};
		70190B642C068B57003BF2B7 /* Debug */ = {
			isa = XCBuildConfiguration;
			buildSettings = {
				ALWAYS_EMBED_SWIFT_STANDARD_LIBRARIES = YES;
				BUNDLE_LOADER = "$(TEST_HOST)";
				CODE_SIGN_STYLE = Automatic;
				CURRENT_PROJECT_VERSION = 1;
				DEVELOPMENT_TEAM = VWB7346LNU;
				GENERATE_INFOPLIST_FILE = YES;
				IPHONEOS_DEPLOYMENT_TARGET = 17.4;
				MARKETING_VERSION = 1.0;
				PRODUCT_BUNDLE_IDENTIFIER = com.protrainings.DemoAppTests;
				PRODUCT_NAME = "$(TARGET_NAME)";
				SWIFT_EMIT_LOC_STRINGS = NO;
				SWIFT_VERSION = 5.0;
				TARGETED_DEVICE_FAMILY = "1,2";
				TEST_HOST = "$(BUILT_PRODUCTS_DIR)/DemoApp.app/$(BUNDLE_EXECUTABLE_FOLDER_PATH)/DemoApp";
			};
			name = Debug;
		};
		70190B652C068B57003BF2B7 /* Release */ = {
			isa = XCBuildConfiguration;
			buildSettings = {
				ALWAYS_EMBED_SWIFT_STANDARD_LIBRARIES = YES;
				BUNDLE_LOADER = "$(TEST_HOST)";
				CODE_SIGN_STYLE = Automatic;
				CURRENT_PROJECT_VERSION = 1;
				DEVELOPMENT_TEAM = VWB7346LNU;
				GENERATE_INFOPLIST_FILE = YES;
				IPHONEOS_DEPLOYMENT_TARGET = 17.4;
				MARKETING_VERSION = 1.0;
				PRODUCT_BUNDLE_IDENTIFIER = com.protrainings.DemoAppTests;
				PRODUCT_NAME = "$(TARGET_NAME)";
				SWIFT_EMIT_LOC_STRINGS = NO;
				SWIFT_VERSION = 5.0;
				TARGETED_DEVICE_FAMILY = "1,2";
				TEST_HOST = "$(BUILT_PRODUCTS_DIR)/DemoApp.app/$(BUNDLE_EXECUTABLE_FOLDER_PATH)/DemoApp";
			};
			name = Release;
		};
		70190B672C068B57003BF2B7 /* Debug */ = {
			isa = XCBuildConfiguration;
			buildSettings = {
				ALWAYS_EMBED_SWIFT_STANDARD_LIBRARIES = YES;
				CODE_SIGN_STYLE = Automatic;
				CURRENT_PROJECT_VERSION = 1;
				DEVELOPMENT_TEAM = VWB7346LNU;
				GENERATE_INFOPLIST_FILE = YES;
				MARKETING_VERSION = 1.0;
				PRODUCT_BUNDLE_IDENTIFIER = com.protrainings.DemoAppUITests;
				PRODUCT_NAME = "$(TARGET_NAME)";
				SWIFT_EMIT_LOC_STRINGS = NO;
				SWIFT_VERSION = 5.0;
				TARGETED_DEVICE_FAMILY = "1,2";
				TEST_TARGET_NAME = DemoApp;
			};
			name = Debug;
		};
		70190B682C068B57003BF2B7 /* Release */ = {
			isa = XCBuildConfiguration;
			buildSettings = {
				ALWAYS_EMBED_SWIFT_STANDARD_LIBRARIES = YES;
				CODE_SIGN_STYLE = Automatic;
				CURRENT_PROJECT_VERSION = 1;
				DEVELOPMENT_TEAM = VWB7346LNU;
				GENERATE_INFOPLIST_FILE = YES;
				MARKETING_VERSION = 1.0;
				PRODUCT_BUNDLE_IDENTIFIER = com.protrainings.DemoAppUITests;
				PRODUCT_NAME = "$(TARGET_NAME)";
				SWIFT_EMIT_LOC_STRINGS = NO;
				SWIFT_VERSION = 5.0;
				TARGETED_DEVICE_FAMILY = "1,2";
				TEST_TARGET_NAME = DemoApp;
			};
			name = Release;
		};
/* End XCBuildConfiguration section */

/* Begin XCConfigurationList section */
		70190B372C068B56003BF2B7 /* Build configuration list for PBXProject "DemoApp" */ = {
			isa = XCConfigurationList;
			buildConfigurations = (
				70190B5E2C068B57003BF2B7 /* Debug */,
				70190B5F2C068B57003BF2B7 /* Release */,
			);
			defaultConfigurationIsVisible = 0;
			defaultConfigurationName = Release;
		};
		70190B602C068B57003BF2B7 /* Build configuration list for PBXNativeTarget "DemoApp" */ = {
			isa = XCConfigurationList;
			buildConfigurations = (
				70190B612C068B57003BF2B7 /* Debug */,
				70190B622C068B57003BF2B7 /* Release */,
			);
			defaultConfigurationIsVisible = 0;
			defaultConfigurationName = Release;
		};
		70190B632C068B57003BF2B7 /* Build configuration list for PBXNativeTarget "DemoAppTests" */ = {
			isa = XCConfigurationList;
			buildConfigurations = (
				70190B642C068B57003BF2B7 /* Debug */,
				70190B652C068B57003BF2B7 /* Release */,
			);
			defaultConfigurationIsVisible = 0;
			defaultConfigurationName = Release;
		};
		70190B662C068B57003BF2B7 /* Build configuration list for PBXNativeTarget "DemoAppUITests" */ = {
			isa = XCConfigurationList;
			buildConfigurations = (
				70190B672C068B57003BF2B7 /* Debug */,
				70190B682C068B57003BF2B7 /* Release */,
			);
			defaultConfigurationIsVisible = 0;
			defaultConfigurationName = Release;
		};
/* End XCConfigurationList section */

/* Begin XCRemoteSwiftPackageReference section */
		70190B6F2C0784AF003BF2B7 /* XCRemoteSwiftPackageReference "ProTrainingsKit" */ = {
			isa = XCRemoteSwiftPackageReference;
			repositoryURL = "https://github.com/ProTrainings/ProTrainingsKit";
			requirement = {
				kind = upToNextMajorVersion;
				minimumVersion = 0.1.0;
			};
		};
/* End XCRemoteSwiftPackageReference section */

/* Begin XCSwiftPackageProductDependency section */
		70190B6D2C0782F0003BF2B7 /* ProTrainingsKit */ = {
			isa = XCSwiftPackageProductDependency;
			productName = ProTrainingsKit;
		};
		70190B702C0784AF003BF2B7 /* ProTrainingsKit */ = {
			isa = XCSwiftPackageProductDependency;
			package = 70190B6F2C0784AF003BF2B7 /* XCRemoteSwiftPackageReference "ProTrainingsKit" */;
			productName = ProTrainingsKit;
		};
/* End XCSwiftPackageProductDependency section */
	};
	rootObject = 70190B342C068B56003BF2B7 /* Project object */;
}
